// !$*UTF8*$!
{
	archiveVersion = 1;
	classes = {
	};
	objectVersion = 46;
	objects = {

/* Begin PBXBuildFile section */
		8FB7880F18E7ED3600936CA3 /* icon-ios7-arrow-back.png in Resources */ = {isa = PBXBuildFile; fileRef = 8FB7880D18E7ED3600936CA3 /* icon-ios7-arrow-back.png */; };
		8FB7881018E7ED3600936CA3 /* icon-ios7-arrow-forward.png in Resources */ = {isa = PBXBuildFile; fileRef = 8FB7880E18E7ED3600936CA3 /* icon-ios7-arrow-forward.png */; };
		8FF04B0018E7E79100177D95 /* Foundation.framework in Frameworks */ = {isa = PBXBuildFile; fileRef = 8FF04AFF18E7E79100177D95 /* Foundation.framework */; };
		8FF04B0218E7E79100177D95 /* CoreGraphics.framework in Frameworks */ = {isa = PBXBuildFile; fileRef = 8FF04B0118E7E79100177D95 /* CoreGraphics.framework */; };
		8FF04B0418E7E79100177D95 /* UIKit.framework in Frameworks */ = {isa = PBXBuildFile; fileRef = 8FF04B0318E7E79100177D95 /* UIKit.framework */; };
		8FF04B1F18E7E79200177D95 /* XCTest.framework in Frameworks */ = {isa = PBXBuildFile; fileRef = 8FF04B1E18E7E79200177D95 /* XCTest.framework */; };
		8FF04B2018E7E79200177D95 /* Foundation.framework in Frameworks */ = {isa = PBXBuildFile; fileRef = 8FF04AFF18E7E79100177D95 /* Foundation.framework */; };
		8FF04B2118E7E79200177D95 /* UIKit.framework in Frameworks */ = {isa = PBXBuildFile; fileRef = 8FF04B0318E7E79100177D95 /* UIKit.framework */; };
		8FF04B2918E7E79200177D95 /* InfoPlist.strings in Resources */ = {isa = PBXBuildFile; fileRef = 8FF04B2718E7E79200177D95 /* InfoPlist.strings */; };
		8FF04B2B18E7E79200177D95 /* WHBarButtonItemTests.m in Sources */ = {isa = PBXBuildFile; fileRef = 8FF04B2A18E7E79200177D95 /* WHBarButtonItemTests.m */; };
		8FF04B5718E7E93C00177D95 /* AppDelegate.m in Sources */ = {isa = PBXBuildFile; fileRef = 8FF04B4C18E7E93C00177D95 /* AppDelegate.m */; };
		8FF04B5818E7E93C00177D95 /* Main.storyboard in Resources */ = {isa = PBXBuildFile; fileRef = 8FF04B4D18E7E93C00177D95 /* Main.storyboard */; };
		8FF04B5918E7E93C00177D95 /* InfoPlist.strings in Resources */ = {isa = PBXBuildFile; fileRef = 8FF04B4F18E7E93C00177D95 /* InfoPlist.strings */; };
		8FF04B5A18E7E93C00177D95 /* Images.xcassets in Resources */ = {isa = PBXBuildFile; fileRef = 8FF04B5118E7E93C00177D95 /* Images.xcassets */; };
		8FF04B5B18E7E93C00177D95 /* main.m in Sources */ = {isa = PBXBuildFile; fileRef = 8FF04B5218E7E93C00177D95 /* main.m */; };
		8FF04B5C18E7E93C00177D95 /* ViewController.m in Sources */ = {isa = PBXBuildFile; fileRef = 8FF04B5418E7E93C00177D95 /* ViewController.m */; };
		8FF04B5D18E7E93C00177D95 /* WHBarButtonItem-Info.plist in Resources */ = {isa = PBXBuildFile; fileRef = 8FF04B5518E7E93C00177D95 /* WHBarButtonItem-Info.plist */; };
		8FF04B6118E7EA3500177D95 /* WHBarButtonItem.m in Sources */ = {isa = PBXBuildFile; fileRef = 8FF04B6018E7EA3500177D95 /* WHBarButtonItem.m */; };
/* End PBXBuildFile section */

/* Begin PBXContainerItemProxy section */
		8FF04B2218E7E79200177D95 /* PBXContainerItemProxy */ = {
			isa = PBXContainerItemProxy;
			containerPortal = 8FF04AF418E7E79100177D95 /* Project object */;
			proxyType = 1;
			remoteGlobalIDString = 8FF04AFB18E7E79100177D95;
			remoteInfo = WHBarButtonItem;
		};
/* End PBXContainerItemProxy section */

/* Begin PBXFileReference section */
		8FB7880D18E7ED3600936CA3 /* icon-ios7-arrow-back.png */ = {isa = PBXFileReference; lastKnownFileType = image.png; path = "icon-ios7-arrow-back.png"; sourceTree = "<group>"; };
		8FB7880E18E7ED3600936CA3 /* icon-ios7-arrow-forward.png */ = {isa = PBXFileReference; lastKnownFileType = image.png; path = "icon-ios7-arrow-forward.png"; sourceTree = "<group>"; };
		8FF04AFC18E7E79100177D95 /* WHBarButtonItem.app */ = {isa = PBXFileReference; explicitFileType = wrapper.application; includeInIndex = 0; path = WHBarButtonItem.app; sourceTree = BUILT_PRODUCTS_DIR; };
		8FF04AFF18E7E79100177D95 /* Foundation.framework */ = {isa = PBXFileReference; lastKnownFileType = wrapper.framework; name = Foundation.framework; path = System/Library/Frameworks/Foundation.framework; sourceTree = SDKROOT; };
		8FF04B0118E7E79100177D95 /* CoreGraphics.framework */ = {isa = PBXFileReference; lastKnownFileType = wrapper.framework; name = CoreGraphics.framework; path = System/Library/Frameworks/CoreGraphics.framework; sourceTree = SDKROOT; };
		8FF04B0318E7E79100177D95 /* UIKit.framework */ = {isa = PBXFileReference; lastKnownFileType = wrapper.framework; name = UIKit.framework; path = System/Library/Frameworks/UIKit.framework; sourceTree = SDKROOT; };
		8FF04B1D18E7E79200177D95 /* WHBarButtonItemTests.xctest */ = {isa = PBXFileReference; explicitFileType = wrapper.cfbundle; includeInIndex = 0; path = WHBarButtonItemTests.xctest; sourceTree = BUILT_PRODUCTS_DIR; };
		8FF04B1E18E7E79200177D95 /* XCTest.framework */ = {isa = PBXFileReference; lastKnownFileType = wrapper.framework; name = XCTest.framework; path = Library/Frameworks/XCTest.framework; sourceTree = DEVELOPER_DIR; };
		8FF04B2618E7E79200177D95 /* WHBarButtonItemTests-Info.plist */ = {isa = PBXFileReference; lastKnownFileType = text.plist.xml; path = "WHBarButtonItemTests-Info.plist"; sourceTree = "<group>"; };
		8FF04B2818E7E79200177D95 /* en */ = {isa = PBXFileReference; lastKnownFileType = text.plist.strings; name = en; path = en.lproj/InfoPlist.strings; sourceTree = "<group>"; };
		8FF04B2A18E7E79200177D95 /* WHBarButtonItemTests.m */ = {isa = PBXFileReference; lastKnownFileType = sourcecode.c.objc; path = WHBarButtonItemTests.m; sourceTree = "<group>"; };
		8FF04B4B18E7E93C00177D95 /* AppDelegate.h */ = {isa = PBXFileReference; fileEncoding = 4; lastKnownFileType = sourcecode.c.h; path = AppDelegate.h; sourceTree = "<group>"; };
		8FF04B4C18E7E93C00177D95 /* AppDelegate.m */ = {isa = PBXFileReference; fileEncoding = 4; lastKnownFileType = sourcecode.c.objc; path = AppDelegate.m; sourceTree = "<group>"; };
		8FF04B4E18E7E93C00177D95 /* Base */ = {isa = PBXFileReference; lastKnownFileType = file.storyboard; name = Base; path = Base.lproj/Main.storyboard; sourceTree = "<group>"; };
		8FF04B5018E7E93C00177D95 /* en */ = {isa = PBXFileReference; lastKnownFileType = text.plist.strings; name = en; path = en.lproj/InfoPlist.strings; sourceTree = "<group>"; };
		8FF04B5118E7E93C00177D95 /* Images.xcassets */ = {isa = PBXFileReference; lastKnownFileType = folder.assetcatalog; path = Images.xcassets; sourceTree = "<group>"; };
		8FF04B5218E7E93C00177D95 /* main.m */ = {isa = PBXFileReference; fileEncoding = 4; lastKnownFileType = sourcecode.c.objc; path = main.m; sourceTree = "<group>"; };
		8FF04B5318E7E93C00177D95 /* ViewController.h */ = {isa = PBXFileReference; fileEncoding = 4; lastKnownFileType = sourcecode.c.h; path = ViewController.h; sourceTree = "<group>"; };
		8FF04B5418E7E93C00177D95 /* ViewController.m */ = {isa = PBXFileReference; fileEncoding = 4; lastKnownFileType = sourcecode.c.objc; path = ViewController.m; sourceTree = "<group>"; };
		8FF04B5518E7E93C00177D95 /* WHBarButtonItem-Info.plist */ = {isa = PBXFileReference; fileEncoding = 4; lastKnownFileType = text.plist.xml; path = "WHBarButtonItem-Info.plist"; sourceTree = "<group>"; };
		8FF04B5618E7E93C00177D95 /* WHBarButtonItem-Prefix.pch */ = {isa = PBXFileReference; fileEncoding = 4; lastKnownFileType = sourcecode.c.h; path = "WHBarButtonItem-Prefix.pch"; sourceTree = "<group>"; };
		8FF04B5F18E7EA3500177D95 /* WHBarButtonItem.h */ = {isa = PBXFileReference; fileEncoding = 4; lastKnownFileType = sourcecode.c.h; path = WHBarButtonItem.h; sourceTree = "<group>"; };
		8FF04B6018E7EA3500177D95 /* WHBarButtonItem.m */ = {isa = PBXFileReference; fileEncoding = 4; lastKnownFileType = sourcecode.c.objc; path = WHBarButtonItem.m; sourceTree = "<group>"; };
/* End PBXFileReference section */

/* Begin PBXFrameworksBuildPhase section */
		8FF04AF918E7E79100177D95 /* Frameworks */ = {
			isa = PBXFrameworksBuildPhase;
			buildActionMask = 2147483647;
			files = (
				8FF04B0218E7E79100177D95 /* CoreGraphics.framework in Frameworks */,
				8FF04B0418E7E79100177D95 /* UIKit.framework in Frameworks */,
				8FF04B0018E7E79100177D95 /* Foundation.framework in Frameworks */,
			);
			runOnlyForDeploymentPostprocessing = 0;
		};
		8FF04B1A18E7E79200177D95 /* Frameworks */ = {
			isa = PBXFrameworksBuildPhase;
			buildActionMask = 2147483647;
			files = (
				8FF04B1F18E7E79200177D95 /* XCTest.framework in Frameworks */,
				8FF04B2118E7E79200177D95 /* UIKit.framework in Frameworks */,
				8FF04B2018E7E79200177D95 /* Foundation.framework in Frameworks */,
			);
			runOnlyForDeploymentPostprocessing = 0;
		};
/* End PBXFrameworksBuildPhase section */

/* Begin PBXGroup section */
		8FB7880C18E7ED3600936CA3 /* Assets */ = {
			isa = PBXGroup;
			children = (
				8FB7880D18E7ED3600936CA3 /* icon-ios7-arrow-back.png */,
				8FB7880E18E7ED3600936CA3 /* icon-ios7-arrow-forward.png */,
			);
			path = Assets;
			sourceTree = "<group>";
		};
		8FF04AF318E7E79100177D95 = {
			isa = PBXGroup;
			children = (
				8FB7880C18E7ED3600936CA3 /* Assets */,
				8FF04B4A18E7E93C00177D95 /* WHBarButtonItem */,
				8FF04B4918E7E8F900177D95 /* Classes */,
				8FF04B2418E7E79200177D95 /* WHBarButtonItemTests */,
				8FF04AFE18E7E79100177D95 /* Frameworks */,
				8FF04AFD18E7E79100177D95 /* Products */,
			);
			sourceTree = "<group>";
		};
		8FF04AFD18E7E79100177D95 /* Products */ = {
			isa = PBXGroup;
			children = (
				8FF04AFC18E7E79100177D95 /* WHBarButtonItem.app */,
				8FF04B1D18E7E79200177D95 /* WHBarButtonItemTests.xctest */,
			);
			name = Products;
			sourceTree = "<group>";
		};
		8FF04AFE18E7E79100177D95 /* Frameworks */ = {
			isa = PBXGroup;
			children = (
				8FF04AFF18E7E79100177D95 /* Foundation.framework */,
				8FF04B0118E7E79100177D95 /* CoreGraphics.framework */,
				8FF04B0318E7E79100177D95 /* UIKit.framework */,
				8FF04B1E18E7E79200177D95 /* XCTest.framework */,
			);
			name = Frameworks;
			sourceTree = "<group>";
		};
		8FF04B2418E7E79200177D95 /* WHBarButtonItemTests */ = {
			isa = PBXGroup;
			children = (
				8FF04B2A18E7E79200177D95 /* WHBarButtonItemTests.m */,
				8FF04B2518E7E79200177D95 /* Supporting Files */,
			);
			path = WHBarButtonItemTests;
			sourceTree = "<group>";
		};
		8FF04B2518E7E79200177D95 /* Supporting Files */ = {
			isa = PBXGroup;
			children = (
				8FF04B2618E7E79200177D95 /* WHBarButtonItemTests-Info.plist */,
				8FF04B2718E7E79200177D95 /* InfoPlist.strings */,
			);
			name = "Supporting Files";
			sourceTree = "<group>";
		};
		8FF04B4918E7E8F900177D95 /* Classes */ = {
			isa = PBXGroup;
			children = (
				8FF04B5F18E7EA3500177D95 /* WHBarButtonItem.h */,
				8FF04B6018E7EA3500177D95 /* WHBarButtonItem.m */,
			);
			path = Classes;
			sourceTree = "<group>";
		};
		8FF04B4A18E7E93C00177D95 /* WHBarButtonItem */ = {
			isa = PBXGroup;
			children = (
				8FF04B4B18E7E93C00177D95 /* AppDelegate.h */,
				8FF04B4C18E7E93C00177D95 /* AppDelegate.m */,
				8FF04B4D18E7E93C00177D95 /* Main.storyboard */,
				8FF04B4F18E7E93C00177D95 /* InfoPlist.strings */,
				8FF04B5118E7E93C00177D95 /* Images.xcassets */,
				8FF04B5218E7E93C00177D95 /* main.m */,
				8FF04B5318E7E93C00177D95 /* ViewController.h */,
				8FF04B5418E7E93C00177D95 /* ViewController.m */,
				8FF04B5518E7E93C00177D95 /* WHBarButtonItem-Info.plist */,
				8FF04B5618E7E93C00177D95 /* WHBarButtonItem-Prefix.pch */,
			);
			path = WHBarButtonItem;
			sourceTree = "<group>";
		};
/* End PBXGroup section */

/* Begin PBXNativeTarget section */
		8FF04AFB18E7E79100177D95 /* WHBarButtonItem */ = {
			isa = PBXNativeTarget;
			buildConfigurationList = 8FF04B2E18E7E79200177D95 /* Build configuration list for PBXNativeTarget "WHBarButtonItem" */;
			buildPhases = (
				8FF04AF818E7E79100177D95 /* Sources */,
				8FF04AF918E7E79100177D95 /* Frameworks */,
				8FF04AFA18E7E79100177D95 /* Resources */,
			);
			buildRules = (
			);
			dependencies = (
			);
			name = WHBarButtonItem;
			productName = WHBarButtonItem;
			productReference = 8FF04AFC18E7E79100177D95 /* WHBarButtonItem.app */;
			productType = "com.apple.product-type.application";
		};
		8FF04B1C18E7E79200177D95 /* WHBarButtonItemTests */ = {
			isa = PBXNativeTarget;
			buildConfigurationList = 8FF04B3118E7E79200177D95 /* Build configuration list for PBXNativeTarget "WHBarButtonItemTests" */;
			buildPhases = (
				8FF04B1918E7E79200177D95 /* Sources */,
				8FF04B1A18E7E79200177D95 /* Frameworks */,
				8FF04B1B18E7E79200177D95 /* Resources */,
			);
			buildRules = (
			);
			dependencies = (
				8FF04B2318E7E79200177D95 /* PBXTargetDependency */,
			);
			name = WHBarButtonItemTests;
			productName = WHBarButtonItemTests;
			productReference = 8FF04B1D18E7E79200177D95 /* WHBarButtonItemTests.xctest */;
			productType = "com.apple.product-type.bundle.unit-test";
		};
/* End PBXNativeTarget section */

/* Begin PBXProject section */
		8FF04AF418E7E79100177D95 /* Project object */ = {
			isa = PBXProject;
			attributes = {
				LastUpgradeCheck = 0510;
				ORGANIZATIONNAME = "Witz Hsiao";
				TargetAttributes = {
					8FF04B1C18E7E79200177D95 = {
						TestTargetID = 8FF04AFB18E7E79100177D95;
					};
				};
			};
			buildConfigurationList = 8FF04AF718E7E79100177D95 /* Build configuration list for PBXProject "WHBarButtonItem" */;
			compatibilityVersion = "Xcode 3.2";
			developmentRegion = English;
			hasScannedForEncodings = 0;
			knownRegions = (
				en,
				Base,
			);
			mainGroup = 8FF04AF318E7E79100177D95;
			productRefGroup = 8FF04AFD18E7E79100177D95 /* Products */;
			projectDirPath = "";
			projectRoot = "";
			targets = (
				8FF04AFB18E7E79100177D95 /* WHBarButtonItem */,
				8FF04B1C18E7E79200177D95 /* WHBarButtonItemTests */,
			);
		};
/* End PBXProject section */

/* Begin PBXResourcesBuildPhase section */
		8FF04AFA18E7E79100177D95 /* Resources */ = {
			isa = PBXResourcesBuildPhase;
			buildActionMask = 2147483647;
			files = (
				8FF04B5D18E7E93C00177D95 /* WHBarButtonItem-Info.plist in Resources */,
				8FF04B5A18E7E93C00177D95 /* Images.xcassets in Resources */,
				8FB7881018E7ED3600936CA3 /* icon-ios7-arrow-forward.png in Resources */,
				8FF04B5818E7E93C00177D95 /* Main.storyboard in Resources */,
				8FF04B5918E7E93C00177D95 /* InfoPlist.strings in Resources */,
				8FB7880F18E7ED3600936CA3 /* icon-ios7-arrow-back.png in Resources */,
			);
			runOnlyForDeploymentPostprocessing = 0;
		};
		8FF04B1B18E7E79200177D95 /* Resources */ = {
			isa = PBXResourcesBuildPhase;
			buildActionMask = 2147483647;
			files = (
				8FF04B2918E7E79200177D95 /* InfoPlist.strings in Resources */,
			);
			runOnlyForDeploymentPostprocessing = 0;
		};
/* End PBXResourcesBuildPhase section */

/* Begin PBXSourcesBuildPhase section */
		8FF04AF818E7E79100177D95 /* Sources */ = {
			isa = PBXSourcesBuildPhase;
			buildActionMask = 2147483647;
			files = (
				8FF04B5C18E7E93C00177D95 /* ViewController.m in Sources */,
				8FF04B5B18E7E93C00177D95 /* main.m in Sources */,
				8FF04B5718E7E93C00177D95 /* AppDelegate.m in Sources */,
				8FF04B6118E7EA3500177D95 /* WHBarButtonItem.m in Sources */,
			);
			runOnlyForDeploymentPostprocessing = 0;
		};
		8FF04B1918E7E79200177D95 /* Sources */ = {
			isa = PBXSourcesBuildPhase;
			buildActionMask = 2147483647;
			files = (
				8FF04B2B18E7E79200177D95 /* WHBarButtonItemTests.m in Sources */,
			);
			runOnlyForDeploymentPostprocessing = 0;
		};
/* End PBXSourcesBuildPhase section */

/* Begin PBXTargetDependency section */
		8FF04B2318E7E79200177D95 /* PBXTargetDependency */ = {
			isa = PBXTargetDependency;
			target = 8FF04AFB18E7E79100177D95 /* WHBarButtonItem */;
			targetProxy = 8FF04B2218E7E79200177D95 /* PBXContainerItemProxy */;
		};
/* End PBXTargetDependency section */

/* Begin PBXVariantGroup section */
		8FF04B2718E7E79200177D95 /* InfoPlist.strings */ = {
			isa = PBXVariantGroup;
			children = (
				8FF04B2818E7E79200177D95 /* en */,
			);
			name = InfoPlist.strings;
			sourceTree = "<group>";
		};
		8FF04B4D18E7E93C00177D95 /* Main.storyboard */ = {
			isa = PBXVariantGroup;
			children = (
				8FF04B4E18E7E93C00177D95 /* Base */,
			);
			name = Main.storyboard;
			sourceTree = "<group>";
		};
		8FF04B4F18E7E93C00177D95 /* InfoPlist.strings */ = {
			isa = PBXVariantGroup;
			children = (
				8FF04B5018E7E93C00177D95 /* en */,
			);
			name = InfoPlist.strings;
			sourceTree = "<group>";
		};
/* End PBXVariantGroup section */

/* Begin XCBuildConfiguration section */
		8FF04B2C18E7E79200177D95 /* Debug */ = {
			isa = XCBuildConfiguration;
			buildSettings = {
				ALWAYS_SEARCH_USER_PATHS = NO;
				CLANG_CXX_LANGUAGE_STANDARD = "gnu++0x";
				CLANG_CXX_LIBRARY = "libc++";
				CLANG_ENABLE_MODULES = YES;
				CLANG_ENABLE_OBJC_ARC = YES;
				CLANG_WARN_BOOL_CONVERSION = YES;
				CLANG_WARN_CONSTANT_CONVERSION = YES;
				CLANG_WARN_DIRECT_OBJC_ISA_USAGE = YES_ERROR;
				CLANG_WARN_EMPTY_BODY = YES;
				CLANG_WARN_ENUM_CONVERSION = YES;
				CLANG_WARN_INT_CONVERSION = YES;
				CLANG_WARN_OBJC_ROOT_CLASS = YES_ERROR;
				CLANG_WARN__DUPLICATE_METHOD_MATCH = YES;
				"CODE_SIGN_IDENTITY[sdk=iphoneos*]" = "iPhone Developer";
				COPY_PHASE_STRIP = NO;
				GCC_C_LANGUAGE_STANDARD = gnu99;
				GCC_DYNAMIC_NO_PIC = NO;
				GCC_OPTIMIZATION_LEVEL = 0;
				GCC_PREPROCESSOR_DEFINITIONS = (
					"DEBUG=1",
					"$(inherited)",
				);
				GCC_SYMBOLS_PRIVATE_EXTERN = NO;
				GCC_WARN_64_TO_32_BIT_CONVERSION = YES;
				GCC_WARN_ABOUT_RETURN_TYPE = YES_ERROR;
				GCC_WARN_UNDECLARED_SELECTOR = YES;
				GCC_WARN_UNINITIALIZED_AUTOS = YES_AGGRESSIVE;
				GCC_WARN_UNUSED_FUNCTION = YES;
				GCC_WARN_UNUSED_VARIABLE = YES;
				IPHONEOS_DEPLOYMENT_TARGET = 7.1;
				ONLY_ACTIVE_ARCH = YES;
				SDKROOT = iphoneos;
			};
			name = Debug;
		};
		8FF04B2D18E7E79200177D95 /* Release */ = {
			isa = XCBuildConfiguration;
			buildSettings = {
				ALWAYS_SEARCH_USER_PATHS = NO;
				CLANG_CXX_LANGUAGE_STANDARD = "gnu++0x";
				CLANG_CXX_LIBRARY = "libc++";
				CLANG_ENABLE_MODULES = YES;
				CLANG_ENABLE_OBJC_ARC = YES;
				CLANG_WARN_BOOL_CONVERSION = YES;
				CLANG_WARN_CONSTANT_CONVERSION = YES;
				CLANG_WARN_DIRECT_OBJC_ISA_USAGE = YES_ERROR;
				CLANG_WARN_EMPTY_BODY = YES;
				CLANG_WARN_ENUM_CONVERSION = YES;
				CLANG_WARN_INT_CONVERSION = YES;
				CLANG_WARN_OBJC_ROOT_CLASS = YES_ERROR;
				CLANG_WARN__DUPLICATE_METHOD_MATCH = YES;
				"CODE_SIGN_IDENTITY[sdk=iphoneos*]" = "iPhone Developer";
				COPY_PHASE_STRIP = YES;
				ENABLE_NS_ASSERTIONS = NO;
				GCC_C_LANGUAGE_STANDARD = gnu99;
				GCC_WARN_64_TO_32_BIT_CONVERSION = YES;
				GCC_WARN_ABOUT_RETURN_TYPE = YES_ERROR;
				GCC_WARN_UNDECLARED_SELECTOR = YES;
				GCC_WARN_UNINITIALIZED_AUTOS = YES_AGGRESSIVE;
				GCC_WARN_UNUSED_FUNCTION = YES;
				GCC_WARN_UNUSED_VARIABLE = YES;
				IPHONEOS_DEPLOYMENT_TARGET = 7.1;
				SDKROOT = iphoneos;
				VALIDATE_PRODUCT = YES;
			};
			name = Release;
		};
		8FF04B2F18E7E79200177D95 /* Debug */ = {
			isa = XCBuildConfiguration;
			buildSettings = {
				ASSETCATALOG_COMPILER_APPICON_NAME = AppIcon;
				ASSETCATALOG_COMPILER_LAUNCHIMAGE_NAME = LaunchImage;
				GCC_PRECOMPILE_PREFIX_HEADER = YES;
				GCC_PREFIX_HEADER = "WHBarButtonItem/WHBarButtonItem-Prefix.pch";
				INFOPLIST_FILE = "WHBarButtonItem/WHBarButtonItem-Info.plist";
				PRODUCT_NAME = "$(TARGET_NAME)";
				WRAPPER_EXTENSION = app;
			};
			name = Debug;
		};
		8FF04B3018E7E79200177D95 /* Release */ = {
			isa = XCBuildConfiguration;
			buildSettings = {
				ASSETCATALOG_COMPILER_APPICON_NAME = AppIcon;
				ASSETCATALOG_COMPILER_LAUNCHIMAGE_NAME = LaunchImage;
				GCC_PRECOMPILE_PREFIX_HEADER = YES;
				GCC_PREFIX_HEADER = "WHBarButtonItem/WHBarButtonItem-Prefix.pch";
				INFOPLIST_FILE = "WHBarButtonItem/WHBarButtonItem-Info.plist";
				PRODUCT_NAME = "$(TARGET_NAME)";
				WRAPPER_EXTENSION = app;
			};
			name = Release;
		};
		8FF04B3218E7E79200177D95 /* Debug */ = {
			isa = XCBuildConfiguration;
			buildSettings = {
				BUNDLE_LOADER = "$(BUILT_PRODUCTS_DIR)/WHBarButtonItem.app/WHBarButtonItem";
				FRAMEWORK_SEARCH_PATHS = (
					"$(SDKROOT)/Developer/Library/Frameworks",
					"$(inherited)",
					"$(DEVELOPER_FRAMEWORKS_DIR)",
				);
				GCC_PRECOMPILE_PREFIX_HEADER = YES;
				GCC_PREFIX_HEADER = "WHBarButtonItem/WHBarButtonItem-Prefix.pch";
				GCC_PREPROCESSOR_DEFINITIONS = (
					"DEBUG=1",
					"$(inherited)",
				);
				INFOPLIST_FILE = "WHBarButtonItemTests/WHBarButtonItemTests-Info.plist";
				PRODUCT_NAME = "$(TARGET_NAME)";
				TEST_HOST = "$(BUNDLE_LOADER)";
				WRAPPER_EXTENSION = xctest;
			};
			name = Debug;
		};
		8FF04B3318E7E79200177D95 /* Release */ = {
			isa = XCBuildConfiguration;
			buildSettings = {
				BUNDLE_LOADER = "$(BUILT_PRODUCTS_DIR)/WHBarButtonItem.app/WHBarButtonItem";
				FRAMEWORK_SEARCH_PATHS = (
					"$(SDKROOT)/Developer/Library/Frameworks",
					"$(inherited)",
					"$(DEVELOPER_FRAMEWORKS_DIR)",
				);
				GCC_PRECOMPILE_PREFIX_HEADER = YES;
				GCC_PREFIX_HEADER = "WHBarButtonItem/WHBarButtonItem-Prefix.pch";
				INFOPLIST_FILE = "WHBarButtonItemTests/WHBarButtonItemTests-Info.plist";
				PRODUCT_NAME = "$(TARGET_NAME)";
				TEST_HOST = "$(BUNDLE_LOADER)";
				WRAPPER_EXTENSION = xctest;
			};
			name = Release;
		};
/* End XCBuildConfiguration section */

/* Begin XCConfigurationList section */
		8FF04AF718E7E79100177D95 /* Build configuration list for PBXProject "WHBarButtonItem" */ = {
			isa = XCConfigurationList;
			buildConfigurations = (
				8FF04B2C18E7E79200177D95 /* Debug */,
				8FF04B2D18E7E79200177D95 /* Release */,
			);
			defaultConfigurationIsVisible = 0;
			defaultConfigurationName = Release;
		};
		8FF04B2E18E7E79200177D95 /* Build configuration list for PBXNativeTarget "WHBarButtonItem" */ = {
			isa = XCConfigurationList;
			buildConfigurations = (
				8FF04B2F18E7E79200177D95 /* Debug */,
				8FF04B3018E7E79200177D95 /* Release */,
			);
			defaultConfigurationIsVisible = 0;
			defaultConfigurationName = Release;
		};
		8FF04B3118E7E79200177D95 /* Build configuration list for PBXNativeTarget "WHBarButtonItemTests" */ = {
			isa = XCConfigurationList;
			buildConfigurations = (
				8FF04B3218E7E79200177D95 /* Debug */,
				8FF04B3318E7E79200177D95 /* Release */,
			);
			defaultConfigurationIsVisible = 0;
			defaultConfigurationName = Release;
		};
/* End XCConfigurationList section */
	};
	rootObject = 8FF04AF418E7E79100177D95 /* Project object */;
}
